github.com/andybalholm/brotli v1.0.4 h1:V7DdXeJtZscaqfNuAdSRuRFzuiKlHSC/Zh3zl9qY3JY=
github.com/andybalholm/brotli v1.0.4/go.mod h1:fO7iG3H7G2nSZ7m0zPUDn85XEX2GTukHGRSepvi9Eig=
github.com/bogdanfinn/fhttp v0.5.24 h1:OlyBKjvJp6a3TotN3wuj4mQHHRbfK7QUMrzCPOZGhRc=
github.com/bogdanfinn/fhttp v0.5.24/go.mod h1:brqi5woc5eSCVHdKYBV8aZLbO7HGqpwyDLeXW+fT18I=
github.com/bogdanfinn/tls-client v1.6.1 h1:GTIqQssFoIvLaDf4btoYRzDhUzudLqYD4axvfUCXl3I=
github.com/bogdanfinn/tls-client v1.6.1/go.mod h1:FtwQ3DndVZ0xAOO704v4iNAgbHOcEc5kPk9tjICTNQ0=
github.com/bogdanfinn/utls v1.5.16 h1:NhhWkegEcYETBMj9nvgO4lwvc6NcLH+znrXzO3gnw4M=
github.com/bogdanfinn/utls v1.5.16/go.mod h1:mHeRCi69cUiEyVBkKONB1cAbLjRcZnlJbGzttmiuK4o=
github.com/capsolver/capsolver-go v0.0.0-20230731090014-b3487e5c6c99 h1:edH4gt3ixuFE+r1buhi8HM+XUkQB73vt+UTE9IkKgh0=
github.com/capsolver/capsolver-go v0.0.0-20230731090014-b3487e5c6c99/go.mod h1:auD5FFe3cKFAtiRmeD8I8Bf1Og/NAlnmJqtbjOb6qPM=
github.com/davecgh/go-spew v1.1.1 h1:vj9j/u1bqnvCEfJOwUhtlOARqs3+rkHYY13jYWTU97c=
github.com/davecgh/go-spew v1.1.1/go.mod h1:J7Y8YcW2NihsgmVo/mv3lAwl/skON4iLHjSsI+c5H38=
github.com/gookit/color v1.5.4 h1:FZmqs7XOyGgCAxmWyPslpiok1k05wmY3SJTytgvYFs0=
github.com/gookit/color v1.5.4/go.mod h1:pZJOeOS8DM43rXbp4AZo1n9zCU2qjpcRko0b6/QJi9w=
github.com/klauspost/compress v1.15.12 h1:YClS/PImqYbn+UILDnqxQCZ3RehC9N318SU3kElDUEM=
github.com/klauspost/compress v1.15.12/go.mod h1:QPwzmACJjUTFsnSHH934V6woptycfrDDJnH7hvFVbGM=
github.com/lxi1400/GoTitle v0.0.0-20210314075355-9d4645c96c0e h1:mZkCSpCORJaJl7F6Ifo8BzgOl7kZ9IausGEjDWIhfNw=
github.com/lxi1400/GoTitle v0.0.0-20210314075355-9d4645c96c0e/go.mod h1:C1iqQcdWzAhada5bR2k+w8K9rXSUyIsw5sNmGozh97c=
github.com/pmezard/go-difflib v1.0.0 h1:4DBwDE0NGyQoBHbLQYPwSUPoCMWR5BEzIk/f1lZbAQM=
github.com/pmezard/go-difflib v1.0.0/go.mod h1:iKH77koFhYxTK1pcRnkKkqfTogsbg7gZNVY4sRDYZ/4=
github.com/stretchr/testify v1.8.4 h1:CcVxjf3Q8PM0mHUKJCdn+eZZtm5yQwehR5yeSVQQcUk=
github.com/stretchr/testify v1.8.4/go.mod h1:sz/lmYIOXD/1dqDmKjjqLyZ2RngseejIcXlSw2iwfAo=
github.com/tam7t/hpkp v0.0.0-20160821193359-2b70b4024ed5 h1:YqAladjX7xpA6BM04leXMWAEjS0mTZ5kUU9KRBriQJc=
github.com/tam7t/hpkp v0.0.0-20160821193359-2b70b4024ed5/go.mod h1:2JjD2zLQYH5HO74y5+aE3remJQvl6q4Sn6aWA2wD1Ng=
github.com/xo/terminfo v0.0.0-20210125001918-ca9a967f8778 h1:QldyIu/L63oPpyvQmHgvgickp1Yw510KJOqX7H24mg8=
github.com/xo/terminfo v0.0.0-20210125001918-ca9a967f8778/go.mod h1:2MuV+tbUrU1zIOPMxZ5EncGwgmMJsa+9ucAQZXxsObs=
golang.org/x/crypto v0.1.0 h1:MDRAIl0xIo9Io2xV565hzXHw3zVseKrJKodhohM5CjU=
golang.org/x/crypto v0.1.0/go.mod h1:RecgLatLF4+eUMCP1PoPZQb+cVrJcOPbHkTkbkB9sbw=
golang.org/x/net v0.5.0 h1:GyT4nK/YDHSqa1c4753ouYCDajOYKTja9Xb/OHtgvSw=
golang.org/x/net v0.5.0/go.mod h1:DivGGAXEgPSlEBzxGzZI+ZLohi+xUj054jfeKui00ws=
golang.org/x/sys v0.10.0 h1:SqMFp9UcQJZa+pmYuAKjd9xq1f0j5rLcDIk0mj4qAsA=
golang.org/x/sys v0.10.0/go.mod h1:oPkhp1MJrh7nUepCBck5+mAzfO9JrbApNNgaTdGDITg=
golang.org/x/text v0.14.0 h1:ScX5w1eTa3QqT8oi6+ziP7dTV1S2+ALU0bI+0zXKWiQ=
golang.org/x/text v0.14.0/go.mod h1:18ZOQIKpY8NJVqYksKHtTdi31H5itFRjB5/qKTNYzSU=
gopkg.in/yaml.v3 v3.0.1 h1:fxVm/GzAzEWqLHuvctI91KS9hhNmmWOoWu0XTYJS7CA=
gopkg.in/yaml.v3 v3.0.1/go.mod h1:K4uyk7z7BCEPqu6E+C64Yfv1cQ7kz7rIZviUmN+EgEM=
